{
  "originHash" : "38b85f41194e321e86a4aa73c3ba3fee81a75bf81f1737d0edd61e9af858b020",
  "pins" : [
    {
      "identity" : "ios-maps-sdk",
      "kind" : "remoteSourceControl",
      "location" : "https://github.com/googlemaps/ios-maps-sdk",
      "state" : {
        "revision" : "a951b24ac0ca7720f87d4be3d5bd539552d13882",
        "version" : "10.15.0"
      }
    },
    {
      "identity" : "ios-places-sdk",
      "kind" : "remoteSourceControl",
      "location" : "https://github.com/googlemaps/ios-places-sdk",
      "state" : {
        "revision" : "a6ac7dfeba7df305dca7ff89dfc485c41c35c4dc",
        "version" : "10.15.0"
      }
    }
  ],
  "version" : 3
}
